
Microsoft Visual Studio Solution File, Format Version 12.00
# Visual Studio Version 17
VisualStudioVersion = 17.9.34622.214
MinimumVisualStudioVersion = 10.0.40219.1
Project("{FAE04EC0-301F-11D3-BF4B-00C04F79EFBC}") = "homework5", "homework5\homework5.csproj", "{6000C36F-7464-4A8B-9AAA-C0234E907639}"
EndProject
Global
	GlobalSection(SolutionConfigurationPlatforms) = preSolution
		Debug|Any CPU = Debug|Any CPU
		Release|Any CPU = Release|Any CPU
	EndGlobalSection
	GlobalSection(ProjectConfigurationPlatforms) = postSolution
		{6000C36F-7464-4A8B-9AAA-C0234E907639}.Debug|Any CPU.ActiveCfg = Debug|Any CPU
		{6000C36F-7464-4A8B-9AAA-C0234E907639}.Debug|Any CPU.Build.0 = Debug|Any CPU
		{6000C36F-7464-4A8B-9AAA-C0234E907639}.Release|Any CPU.ActiveCfg = Release|Any CPU
		{6000C36F-7464-4A8B-9AAA-C0234E907639}.Release|Any CPU.Build.0 = Release|Any CPU
	EndGlobalSection
	GlobalSection(SolutionProperties) = preSolution
		HideSolutionNode = FALSE
	EndGlobalSection
	GlobalSection(ExtensibilityGlobals) = postSolution
		SolutionGuid = {60D18F8A-79FC-43EC-989E-2F0E925D6955}
	EndGlobalSection
EndGlobal
